{
    "version": "0.5",
    "requires": [
        "zlib/1.3.2#1cb806da49011867778ffb6ac7190fcb%1777558780.503",
        "sqlite3/3.51.3#45e603aeeda3ebd016ed7d8d30d93c6f%1773675448.413",
        "spdlog/1.17.0#bcbaaf7147bda6ad24ffbd1ac3d7142c%1767636069.964",
        "re2/20251105#8579cfd0bda4daf0683f9e3898f964b4%1772560729.95",
        "rapidcheck/cci.20231215#4d04e275bc3a07d2a20e9fdd8f05c021%1750175299.326",
        "protobuf/6.33.5#d96d52ba5baaaa532f47bda866ad87a5%1773224203.27",
        "openssl/3.6.2#36f92686a9285adfe2ccd1c1dbf9ea35%1775635547.022",
        "nlohmann_json/3.12.0#2d634ab0ec8d9f56353e5ccef6d6612c%1744735883.94",
        "lz4/1.9.4#a2f02ad3908618757c68d3618256a196%1775037236.076",
        "libsodium/1.0.21#97a4d338addc5776009f94afde8b493d%1774434089.821",
        "libpqxx/8.0.1#02ecdb931a0cee3aef41661c542ca6e1%1775511214.571",
        "libpq/17.7#aa6656d9312cf53600d124bd422673fa%1771607926.385",
        "gtest/1.17.0#5224b3b3ff3b4ce1133cbdd27d53ee7d%1755784855.585",
        "grpc/1.78.1#b1a9e74b145cc471bed4dc64dc6eb2c1%1772623605.068",
        "fmt/12.1.0#50abab23274d56bb8f42c94b3b9a40c7%1761885265.231",
        "cli11/2.4.2#6e507e3d37c863d547be3069be114cce%1730283380.419",
        "c-ares/1.34.6#545240bb1c40e2cacd4362d6b8967650%1766500685.317",
        "abseil/20260107.1#883e95a7be2b767999f64669ac642e5d%1773137897.755"
    ],
    "build_requires": [
        "zlib/1.3.2#1cb806da49011867778ffb6ac7190fcb%1777558780.503",
        "protobuf/6.33.5#d96d52ba5baaaa532f47bda866ad87a5%1773224203.27",
        "pkgconf/2.5.1#93c2051284cba1279494a43a4fcfeae2%1757684701.089",
        "ninja/1.13.2#c8c5dc2a52ed6e4e42a66d75b4717ceb%1764096931.974",
        "meson/1.10.2#9d2d10681fe7fe61c788c58626c89b25%1775558003.754",
        "m4/1.4.19#34c4bbc3eeebe98ca6edf2f52d602e7d%1777282960.259",
        "gnu-config/cci.20210814#466e9d4d7779e1c142443f7ea44b4284%1762363589.329",
        "flex/2.6.4#efa781fc5088b47c895bd4eef6911f2e%1761560242.855",
        "cmake/4.3.2#c740c22f711eb5ef0cec51c40b84657b%1776934625.055",
        "cmake/3.31.12#074b543418bfd044b7171af3399d8602%1776882511.03",
        "bison/3.8.2#c3490cbe0078b6fd3eb4cf5ed64144dc%1755688988.644",
        "abseil/20260107.1#883e95a7be2b767999f64669ac642e5d%1773137897.755"
    ],
    "python_requires": [],
    "config_requires": []
}
